
Microsoft Visual Studio Solution File, Format Version 12.00
# Visual Studio Version 17
VisualStudioVersion = 17.3.32901.215
MinimumVisualStudioVersion = 10.0.40219.1
Project("{FAE04EC0-301F-11D3-BF4B-00C04F79EFBC}") = "Final_Modulo1_Arturo", "Final_Modulo1_Arturo\Final_Modulo1_Arturo.csproj", "{C0879F76-6BAC-465D-8638-C7FAABBF264F}"
EndProject
Global
	GlobalSection(SolutionConfigurationPlatforms) = preSolution
		Debug|Any CPU = Debug|Any CPU
		Release|Any CPU = Release|Any CPU
	EndGlobalSection
	GlobalSection(ProjectConfigurationPlatforms) = postSolution
		{C0879F76-6BAC-465D-8638-C7FAABBF264F}.Debug|Any CPU.ActiveCfg = Debug|Any CPU
		{C0879F76-6BAC-465D-8638-C7FAABBF264F}.Debug|Any CPU.Build.0 = Debug|Any CPU
		{C0879F76-6BAC-465D-8638-C7FAABBF264F}.Release|Any CPU.ActiveCfg = Release|Any CPU
		{C0879F76-6BAC-465D-8638-C7FAABBF264F}.Release|Any CPU.Build.0 = Release|Any CPU
	EndGlobalSection
	GlobalSection(SolutionProperties) = preSolution
		HideSolutionNode = FALSE
	EndGlobalSection
	GlobalSection(ExtensibilityGlobals) = postSolution
		SolutionGuid = {008A4507-A491-42B2-8E91-3721FF516A32}
	EndGlobalSection
EndGlobal
